// !$*UTF8*$!
{
	archiveVersion = 1;
	classes = {
	};
	objectVersion = 46;
	objects = {

/* Begin PBXBuildFile section */
		76B514BFCF4494D7320973DB /* libPods-MWIOSDemoProjectTests.a in Frameworks */ = {isa = PBXBuildFile; fileRef = 1F9F9028A4D4B0667F00C272 /* libPods-MWIOSDemoProjectTests.a */; };
		88629EC81E2857C70070B09A /* main.m in Sources */ = {isa = PBXBuildFile; fileRef = 88629EC71E2857C70070B09A /* main.m */; };
		88629ECB1E2857C70070B09A /* AppDelegate.m in Sources */ = {isa = PBXBuildFile; fileRef = 88629ECA1E2857C70070B09A /* AppDelegate.m */; };
		88629ECE1E2857C70070B09A /* ViewController.m in Sources */ = {isa = PBXBuildFile; fileRef = 88629ECD1E2857C70070B09A /* ViewController.m */; };
		88629ED11E2857C70070B09A /* Main.storyboard in Resources */ = {isa = PBXBuildFile; fileRef = 88629ECF1E2857C70070B09A /* Main.storyboard */; };
		88629ED31E2857C70070B09A /* Assets.xcassets in Resources */ = {isa = PBXBuildFile; fileRef = 88629ED21E2857C70070B09A /* Assets.xcassets */; };
		88629ED61E2857C70070B09A /* LaunchScreen.storyboard in Resources */ = {isa = PBXBuildFile; fileRef = 88629ED41E2857C70070B09A /* LaunchScreen.storyboard */; };
		88629EE11E2857C70070B09A /* MWIOSDemoProjectTests.m in Sources */ = {isa = PBXBuildFile; fileRef = 88629EE01E2857C70070B09A /* MWIOSDemoProjectTests.m */; };
		88629EEC1E2857C70070B09A /* MWIOSDemoProjectUITests.m in Sources */ = {isa = PBXBuildFile; fileRef = 88629EEB1E2857C70070B09A /* MWIOSDemoProjectUITests.m */; };
		88629F141E285C0E0070B09A /* 01_UIRefreshControl.storyboard in Resources */ = {isa = PBXBuildFile; fileRef = 88629EFB1E285C0E0070B09A /* 01_UIRefreshControl.storyboard */; };
		88629F151E285C0E0070B09A /* MW01_TableViewController.m in Sources */ = {isa = PBXBuildFile; fileRef = 88629EFD1E285C0E0070B09A /* MW01_TableViewController.m */; };
		88629F161E285C0E0070B09A /* 02_StackView.storyboard in Resources */ = {isa = PBXBuildFile; fileRef = 88629EFF1E285C0E0070B09A /* 02_StackView.storyboard */; };
		888813EC1E287A4B0068EF82 /* 03_SacleImageViewOnTableviewHeader.storyboard in Resources */ = {isa = PBXBuildFile; fileRef = 888813E81E287A4B0068EF82 /* 03_SacleImageViewOnTableviewHeader.storyboard */; };
		888813ED1E287A4B0068EF82 /* 风景1.jpg in Resources */ = {isa = PBXBuildFile; fileRef = 888813E91E287A4B0068EF82 /* 风景1.jpg */; };
		888813EE1E287A4B0068EF82 /* MW03_TableViewController.m in Sources */ = {isa = PBXBuildFile; fileRef = 888813EB1E287A4B0068EF82 /* MW03_TableViewController.m */; };
		888813F61E287A570068EF82 /* 04_Navigation.storyboard in Resources */ = {isa = PBXBuildFile; fileRef = 888813EF1E287A570068EF82 /* 04_Navigation.storyboard */; };
		888813F71E287A570068EF82 /* MW04_FirstViewController.m in Sources */ = {isa = PBXBuildFile; fileRef = 888813F11E287A570068EF82 /* MW04_FirstViewController.m */; };
		888813F81E287A570068EF82 /* MW04_SecondViewController.m in Sources */ = {isa = PBXBuildFile; fileRef = 888813F31E287A570068EF82 /* MW04_SecondViewController.m */; };
		888813F91E287A570068EF82 /* MW04_TestCaptchTableViewController.m in Sources */ = {isa = PBXBuildFile; fileRef = 888813F51E287A570068EF82 /* MW04_TestCaptchTableViewController.m */; };
		888814001E287A610068EF82 /* Person.m in Sources */ = {isa = PBXBuildFile; fileRef = 888813FB1E287A610068EF82 /* Person.m */; };
		888814011E287A610068EF82 /* Person+Private.m in Sources */ = {isa = PBXBuildFile; fileRef = 888813FD1E287A610068EF82 /* Person+Private.m */; };
		888814021E287A610068EF82 /* Student.m in Sources */ = {isa = PBXBuildFile; fileRef = 888813FF1E287A610068EF82 /* Student.m */; };
		888814131E287D090068EF82 /* 06_RedPoint.storyboard in Resources */ = {isa = PBXBuildFile; fileRef = 888814041E287D090068EF82 /* 06_RedPoint.storyboard */; };
		888814141E287D090068EF82 /* ZYInformationListTableViewController.m in Sources */ = {isa = PBXBuildFile; fileRef = 888814061E287D090068EF82 /* ZYInformationListTableViewController.m */; };
		888814151E287D090068EF82 /* ZYMessageCenter.m in Sources */ = {isa = PBXBuildFile; fileRef = 888814081E287D090068EF82 /* ZYMessageCenter.m */; };
		888814161E287D090068EF82 /* ZYMessageSubject.m in Sources */ = {isa = PBXBuildFile; fileRef = 8888140A1E287D090068EF82 /* ZYMessageSubject.m */; };
		888814171E287D090068EF82 /* ZYMyInformationListTableViewController.m in Sources */ = {isa = PBXBuildFile; fileRef = 8888140C1E287D090068EF82 /* ZYMyInformationListTableViewController.m */; };
		888814181E287D090068EF82 /* ZYOrderMessageListTableViewController.m in Sources */ = {isa = PBXBuildFile; fileRef = 8888140E1E287D090068EF82 /* ZYOrderMessageListTableViewController.m */; };
		888814191E287D090068EF82 /* ZYTabBusinessTableViewController.m in Sources */ = {isa = PBXBuildFile; fileRef = 888814101E287D090068EF82 /* ZYTabBusinessTableViewController.m */; };
		8888141A1E287D090068EF82 /* ZYTabPersonalTableViewController.m in Sources */ = {isa = PBXBuildFile; fileRef = 888814121E287D090068EF82 /* ZYTabPersonalTableViewController.m */; };
		888814211E287E590068EF82 /* 07_RACDemo.storyboard in Resources */ = {isa = PBXBuildFile; fileRef = 8888141E1E287E590068EF82 /* 07_RACDemo.storyboard */; };
		888814221E287E590068EF82 /* MW07_RacDemoHomeViewController.m in Sources */ = {isa = PBXBuildFile; fileRef = 888814201E287E590068EF82 /* MW07_RacDemoHomeViewController.m */; };
		9AA6B5E86CCDCE02959A12E4 /* libPods-MWIOSDemoProject.a in Frameworks */ = {isa = PBXBuildFile; fileRef = 2378B024606E452074E806F1 /* libPods-MWIOSDemoProject.a */; };
/* End PBXBuildFile section */

/* Begin PBXContainerItemProxy section */
		88629EDD1E2857C70070B09A /* PBXContainerItemProxy */ = {
			isa = PBXContainerItemProxy;
			containerPortal = 88629EBB1E2857C70070B09A /* Project object */;
			proxyType = 1;
			remoteGlobalIDString = 88629EC21E2857C70070B09A;
			remoteInfo = MWIOSDemoProject;
		};
		88629EE81E2857C70070B09A /* PBXContainerItemProxy */ = {
			isa = PBXContainerItemProxy;
			containerPortal = 88629EBB1E2857C70070B09A /* Project object */;
			proxyType = 1;
			remoteGlobalIDString = 88629EC21E2857C70070B09A;
			remoteInfo = MWIOSDemoProject;
		};
/* End PBXContainerItemProxy section */

/* Begin PBXFileReference section */
		112E8767CBF75C46EA42613E /* Pods-MWIOSDemoProject.release.xcconfig */ = {isa = PBXFileReference; includeInIndex = 1; lastKnownFileType = text.xcconfig; name = "Pods-MWIOSDemoProject.release.xcconfig"; path = "Pods/Target Support Files/Pods-MWIOSDemoProject/Pods-MWIOSDemoProject.release.xcconfig"; sourceTree = "<group>"; };
		1F9F9028A4D4B0667F00C272 /* libPods-MWIOSDemoProjectTests.a */ = {isa = PBXFileReference; explicitFileType = archive.ar; includeInIndex = 0; path = "libPods-MWIOSDemoProjectTests.a"; sourceTree = BUILT_PRODUCTS_DIR; };
		2378B024606E452074E806F1 /* libPods-MWIOSDemoProject.a */ = {isa = PBXFileReference; explicitFileType = archive.ar; includeInIndex = 0; path = "libPods-MWIOSDemoProject.a"; sourceTree = BUILT_PRODUCTS_DIR; };
		811B73F9B1B41B49E0136B62 /* Pods-MWIOSDemoProjectTests.debug.xcconfig */ = {isa = PBXFileReference; includeInIndex = 1; lastKnownFileType = text.xcconfig; name = "Pods-MWIOSDemoProjectTests.debug.xcconfig"; path = "Pods/Target Support Files/Pods-MWIOSDemoProjectTests/Pods-MWIOSDemoProjectTests.debug.xcconfig"; sourceTree = "<group>"; };
		8346B843514B3AF77FDBFB5C /* Pods-MWIOSDemoProject.debug.xcconfig */ = {isa = PBXFileReference; includeInIndex = 1; lastKnownFileType = text.xcconfig; name = "Pods-MWIOSDemoProject.debug.xcconfig"; path = "Pods/Target Support Files/Pods-MWIOSDemoProject/Pods-MWIOSDemoProject.debug.xcconfig"; sourceTree = "<group>"; };
		88629EC31E2857C70070B09A /* MWIOSDemoProject.app */ = {isa = PBXFileReference; explicitFileType = wrapper.application; includeInIndex = 0; path = MWIOSDemoProject.app; sourceTree = BUILT_PRODUCTS_DIR; };
		88629EC71E2857C70070B09A /* main.m */ = {isa = PBXFileReference; lastKnownFileType = sourcecode.c.objc; path = main.m; sourceTree = "<group>"; };
		88629EC91E2857C70070B09A /* AppDelegate.h */ = {isa = PBXFileReference; lastKnownFileType = sourcecode.c.h; path = AppDelegate.h; sourceTree = "<group>"; };
		88629ECA1E2857C70070B09A /* AppDelegate.m */ = {isa = PBXFileReference; lastKnownFileType = sourcecode.c.objc; path = AppDelegate.m; sourceTree = "<group>"; };
		88629ECC1E2857C70070B09A /* MainViewController.h */ = {isa = PBXFileReference; lastKnownFileType = sourcecode.c.h; path = MainViewController.h; sourceTree = "<group>"; };
		88629ECD1E2857C70070B09A /* ViewController.m */ = {isa = PBXFileReference; lastKnownFileType = sourcecode.c.objc; path = ViewController.m; sourceTree = "<group>"; };
		88629ED01E2857C70070B09A /* Base */ = {isa = PBXFileReference; lastKnownFileType = file.storyboard; name = Base; path = Base.lproj/Main.storyboard; sourceTree = "<group>"; };
		88629ED21E2857C70070B09A /* Assets.xcassets */ = {isa = PBXFileReference; lastKnownFileType = folder.assetcatalog; path = Assets.xcassets; sourceTree = "<group>"; };
		88629ED51E2857C70070B09A /* Base */ = {isa = PBXFileReference; lastKnownFileType = file.storyboard; name = Base; path = Base.lproj/LaunchScreen.storyboard; sourceTree = "<group>"; };
		88629ED71E2857C70070B09A /* Info.plist */ = {isa = PBXFileReference; lastKnownFileType = text.plist.xml; path = Info.plist; sourceTree = "<group>"; };
		88629EDC1E2857C70070B09A /* MWIOSDemoProjectTests.xctest */ = {isa = PBXFileReference; explicitFileType = wrapper.cfbundle; includeInIndex = 0; path = MWIOSDemoProjectTests.xctest; sourceTree = BUILT_PRODUCTS_DIR; };
		88629EE01E2857C70070B09A /* MWIOSDemoProjectTests.m */ = {isa = PBXFileReference; lastKnownFileType = sourcecode.c.objc; path = MWIOSDemoProjectTests.m; sourceTree = "<group>"; };
		88629EE21E2857C70070B09A /* Info.plist */ = {isa = PBXFileReference; lastKnownFileType = text.plist.xml; path = Info.plist; sourceTree = "<group>"; };
		88629EE71E2857C70070B09A /* MWIOSDemoProjectUITests.xctest */ = {isa = PBXFileReference; explicitFileType = wrapper.cfbundle; includeInIndex = 0; path = MWIOSDemoProjectUITests.xctest; sourceTree = BUILT_PRODUCTS_DIR; };
		88629EEB1E2857C70070B09A /* MWIOSDemoProjectUITests.m */ = {isa = PBXFileReference; lastKnownFileType = sourcecode.c.objc; path = MWIOSDemoProjectUITests.m; sourceTree = "<group>"; };
		88629EED1E2857C70070B09A /* Info.plist */ = {isa = PBXFileReference; lastKnownFileType = text.plist.xml; path = Info.plist; sourceTree = "<group>"; };
		88629EFB1E285C0E0070B09A /* 01_UIRefreshControl.storyboard */ = {isa = PBXFileReference; fileEncoding = 4; lastKnownFileType = file.storyboard; path = 01_UIRefreshControl.storyboard; sourceTree = "<group>"; };
		88629EFC1E285C0E0070B09A /* MW01_TableViewController.h */ = {isa = PBXFileReference; fileEncoding = 4; lastKnownFileType = sourcecode.c.h; path = MW01_TableViewController.h; sourceTree = "<group>"; };
		88629EFD1E285C0E0070B09A /* MW01_TableViewController.m */ = {isa = PBXFileReference; fileEncoding = 4; lastKnownFileType = sourcecode.c.objc; path = MW01_TableViewController.m; sourceTree = "<group>"; };
		88629EFF1E285C0E0070B09A /* 02_StackView.storyboard */ = {isa = PBXFileReference; fileEncoding = 4; lastKnownFileType = file.storyboard; path = 02_StackView.storyboard; sourceTree = "<group>"; };
		888813E81E287A4B0068EF82 /* 03_SacleImageViewOnTableviewHeader.storyboard */ = {isa = PBXFileReference; fileEncoding = 4; lastKnownFileType = file.storyboard; name = 03_SacleImageViewOnTableviewHeader.storyboard; path = MWIOSDemoProject/03_DragImageOnTableViewTop/03_SacleImageViewOnTableviewHeader.storyboard; sourceTree = SOURCE_ROOT; };
		888813E91E287A4B0068EF82 /* 风景1.jpg */ = {isa = PBXFileReference; lastKnownFileType = image.jpeg; name = "风景1.jpg"; path = "MWIOSDemoProject/03_DragImageOnTableViewTop/风景1.jpg"; sourceTree = SOURCE_ROOT; };
		888813EA1E287A4B0068EF82 /* MW03_TableViewController.h */ = {isa = PBXFileReference; fileEncoding = 4; lastKnownFileType = sourcecode.c.h; name = MW03_TableViewController.h; path = MWIOSDemoProject/03_DragImageOnTableViewTop/MW03_TableViewController.h; sourceTree = SOURCE_ROOT; };
		888813EB1E287A4B0068EF82 /* MW03_TableViewController.m */ = {isa = PBXFileReference; fileEncoding = 4; lastKnownFileType = sourcecode.c.objc; name = MW03_TableViewController.m; path = MWIOSDemoProject/03_DragImageOnTableViewTop/MW03_TableViewController.m; sourceTree = SOURCE_ROOT; };
		888813EF1E287A570068EF82 /* 04_Navigation.storyboard */ = {isa = PBXFileReference; fileEncoding = 4; lastKnownFileType = file.storyboard; name = 04_Navigation.storyboard; path = MWIOSDemoProject/04_NavHiddenAndShow/04_Navigation.storyboard; sourceTree = SOURCE_ROOT; };
		888813F01E287A570068EF82 /* MW04_FirstViewController.h */ = {isa = PBXFileReference; fileEncoding = 4; lastKnownFileType = sourcecode.c.h; name = MW04_FirstViewController.h; path = MWIOSDemoProject/04_NavHiddenAndShow/MW04_FirstViewController.h; sourceTree = SOURCE_ROOT; };
		888813F11E287A570068EF82 /* MW04_FirstViewController.m */ = {isa = PBXFileReference; fileEncoding = 4; lastKnownFileType = sourcecode.c.objc; name = MW04_FirstViewController.m; path = MWIOSDemoProject/04_NavHiddenAndShow/MW04_FirstViewController.m; sourceTree = SOURCE_ROOT; };
		888813F21E287A570068EF82 /* MW04_SecondViewController.h */ = {isa = PBXFileReference; fileEncoding = 4; lastKnownFileType = sourcecode.c.h; name = MW04_SecondViewController.h; path = MWIOSDemoProject/04_NavHiddenAndShow/MW04_SecondViewController.h; sourceTree = SOURCE_ROOT; };
		888813F31E287A570068EF82 /* MW04_SecondViewController.m */ = {isa = PBXFileReference; fileEncoding = 4; lastKnownFileType = sourcecode.c.objc; name = MW04_SecondViewController.m; path = MWIOSDemoProject/04_NavHiddenAndShow/MW04_SecondViewController.m; sourceTree = SOURCE_ROOT; };
		888813F41E287A570068EF82 /* MW04_TestCaptchTableViewController.h */ = {isa = PBXFileReference; fileEncoding = 4; lastKnownFileType = sourcecode.c.h; name = MW04_TestCaptchTableViewController.h; path = MWIOSDemoProject/04_NavHiddenAndShow/MW04_TestCaptchTableViewController.h; sourceTree = SOURCE_ROOT; };
		888813F51E287A570068EF82 /* MW04_TestCaptchTableViewController.m */ = {isa = PBXFileReference; fileEncoding = 4; lastKnownFileType = sourcecode.c.objc; name = MW04_TestCaptchTableViewController.m; path = MWIOSDemoProject/04_NavHiddenAndShow/MW04_TestCaptchTableViewController.m; sourceTree = SOURCE_ROOT; };
		888813FA1E287A610068EF82 /* Person.h */ = {isa = PBXFileReference; fileEncoding = 4; lastKnownFileType = sourcecode.c.h; name = Person.h; path = MWIOSDemoProject/05_TestPrivateProtectMethod/Person.h; sourceTree = SOURCE_ROOT; };
		888813FB1E287A610068EF82 /* Person.m */ = {isa = PBXFileReference; fileEncoding = 4; lastKnownFileType = sourcecode.c.objc; name = Person.m; path = MWIOSDemoProject/05_TestPrivateProtectMethod/Person.m; sourceTree = SOURCE_ROOT; };
		888813FC1E287A610068EF82 /* Person+Private.h */ = {isa = PBXFileReference; fileEncoding = 4; lastKnownFileType = sourcecode.c.h; name = "Person+Private.h"; path = "MWIOSDemoProject/05_TestPrivateProtectMethod/Person+Private.h"; sourceTree = SOURCE_ROOT; };
		888813FD1E287A610068EF82 /* Person+Private.m */ = {isa = PBXFileReference; fileEncoding = 4; lastKnownFileType = sourcecode.c.objc; name = "Person+Private.m"; path = "MWIOSDemoProject/05_TestPrivateProtectMethod/Person+Private.m"; sourceTree = SOURCE_ROOT; };
		888813FE1E287A610068EF82 /* Student.h */ = {isa = PBXFileReference; fileEncoding = 4; lastKnownFileType = sourcecode.c.h; name = Student.h; path = MWIOSDemoProject/05_TestPrivateProtectMethod/Student.h; sourceTree = SOURCE_ROOT; };
		888813FF1E287A610068EF82 /* Student.m */ = {isa = PBXFileReference; fileEncoding = 4; lastKnownFileType = sourcecode.c.objc; name = Student.m; path = MWIOSDemoProject/05_TestPrivateProtectMethod/Student.m; sourceTree = SOURCE_ROOT; };
		888814041E287D090068EF82 /* 06_RedPoint.storyboard */ = {isa = PBXFileReference; fileEncoding = 4; lastKnownFileType = file.storyboard; path = 06_RedPoint.storyboard; sourceTree = "<group>"; };
		888814051E287D090068EF82 /* ZYInformationListTableViewController.h */ = {isa = PBXFileReference; fileEncoding = 4; lastKnownFileType = sourcecode.c.h; path = ZYInformationListTableViewController.h; sourceTree = "<group>"; };
		888814061E287D090068EF82 /* ZYInformationListTableViewController.m */ = {isa = PBXFileReference; fileEncoding = 4; lastKnownFileType = sourcecode.c.objc; path = ZYInformationListTableViewController.m; sourceTree = "<group>"; };
		888814071E287D090068EF82 /* ZYMessageCenter.h */ = {isa = PBXFileReference; fileEncoding = 4; lastKnownFileType = sourcecode.c.h; path = ZYMessageCenter.h; sourceTree = "<group>"; };
		888814081E287D090068EF82 /* ZYMessageCenter.m */ = {isa = PBXFileReference; fileEncoding = 4; lastKnownFileType = sourcecode.c.objc; path = ZYMessageCenter.m; sourceTree = "<group>"; };
		888814091E287D090068EF82 /* ZYMessageSubject.h */ = {isa = PBXFileReference; fileEncoding = 4; lastKnownFileType = sourcecode.c.h; path = ZYMessageSubject.h; sourceTree = "<group>"; };
		8888140A1E287D090068EF82 /* ZYMessageSubject.m */ = {isa = PBXFileReference; fileEncoding = 4; lastKnownFileType = sourcecode.c.objc; path = ZYMessageSubject.m; sourceTree = "<group>"; };
		8888140B1E287D090068EF82 /* ZYMyInformationListTableViewController.h */ = {isa = PBXFileReference; fileEncoding = 4; lastKnownFileType = sourcecode.c.h; path = ZYMyInformationListTableViewController.h; sourceTree = "<group>"; };
		8888140C1E287D090068EF82 /* ZYMyInformationListTableViewController.m */ = {isa = PBXFileReference; fileEncoding = 4; lastKnownFileType = sourcecode.c.objc; path = ZYMyInformationListTableViewController.m; sourceTree = "<group>"; };
		8888140D1E287D090068EF82 /* ZYOrderMessageListTableViewController.h */ = {isa = PBXFileReference; fileEncoding = 4; lastKnownFileType = sourcecode.c.h; path = ZYOrderMessageListTableViewController.h; sourceTree = "<group>"; };
		8888140E1E287D090068EF82 /* ZYOrderMessageListTableViewController.m */ = {isa = PBXFileReference; fileEncoding = 4; lastKnownFileType = sourcecode.c.objc; path = ZYOrderMessageListTableViewController.m; sourceTree = "<group>"; };
		8888140F1E287D090068EF82 /* ZYTabBusinessTableViewController.h */ = {isa = PBXFileReference; fileEncoding = 4; lastKnownFileType = sourcecode.c.h; path = ZYTabBusinessTableViewController.h; sourceTree = "<group>"; };
		888814101E287D090068EF82 /* ZYTabBusinessTableViewController.m */ = {isa = PBXFileReference; fileEncoding = 4; lastKnownFileType = sourcecode.c.objc; path = ZYTabBusinessTableViewController.m; sourceTree = "<group>"; };
		888814111E287D090068EF82 /* ZYTabPersonalTableViewController.h */ = {isa = PBXFileReference; fileEncoding = 4; lastKnownFileType = sourcecode.c.h; path = ZYTabPersonalTableViewController.h; sourceTree = "<group>"; };
		888814121E287D090068EF82 /* ZYTabPersonalTableViewController.m */ = {isa = PBXFileReference; fileEncoding = 4; lastKnownFileType = sourcecode.c.objc; path = ZYTabPersonalTableViewController.m; sourceTree = "<group>"; };
		8888141E1E287E590068EF82 /* 07_RACDemo.storyboard */ = {isa = PBXFileReference; fileEncoding = 4; lastKnownFileType = file.storyboard; path = 07_RACDemo.storyboard; sourceTree = "<group>"; };
		8888141F1E287E590068EF82 /* MW07_RacDemoHomeViewController.h */ = {isa = PBXFileReference; fileEncoding = 4; lastKnownFileType = sourcecode.c.h; path = MW07_RacDemoHomeViewController.h; sourceTree = "<group>"; };
		888814201E287E590068EF82 /* MW07_RacDemoHomeViewController.m */ = {isa = PBXFileReference; fileEncoding = 4; lastKnownFileType = sourcecode.c.objc; path = MW07_RacDemoHomeViewController.m; sourceTree = "<group>"; };
		8AD262E3ADC71C648985D331 /* Pods-MWIOSDemoProjectTests.release.xcconfig */ = {isa = PBXFileReference; includeInIndex = 1; lastKnownFileType = text.xcconfig; name = "Pods-MWIOSDemoProjectTests.release.xcconfig"; path = "Pods/Target Support Files/Pods-MWIOSDemoProjectTests/Pods-MWIOSDemoProjectTests.release.xcconfig"; sourceTree = "<group>"; };
/* End PBXFileReference section */

/* Begin PBXFrameworksBuildPhase section */
		88629EC01E2857C70070B09A /* Frameworks */ = {
			isa = PBXFrameworksBuildPhase;
			buildActionMask = 2147483647;
			files = (
				9AA6B5E86CCDCE02959A12E4 /* libPods-MWIOSDemoProject.a in Frameworks */,
			);
			runOnlyForDeploymentPostprocessing = 0;
		};
		88629ED91E2857C70070B09A /* Frameworks */ = {
			isa = PBXFrameworksBuildPhase;
			buildActionMask = 2147483647;
			files = (
				76B514BFCF4494D7320973DB /* libPods-MWIOSDemoProjectTests.a in Frameworks */,
			);
			runOnlyForDeploymentPostprocessing = 0;
		};
		88629EE41E2857C70070B09A /* Frameworks */ = {
			isa = PBXFrameworksBuildPhase;
			buildActionMask = 2147483647;
			files = (
			);
			runOnlyForDeploymentPostprocessing = 0;
		};
/* End PBXFrameworksBuildPhase section */

/* Begin PBXGroup section */
		860AD4775CE473DAE2019B3D /* Pods */ = {
			isa = PBXGroup;
			children = (
				8346B843514B3AF77FDBFB5C /* Pods-MWIOSDemoProject.debug.xcconfig */,
				112E8767CBF75C46EA42613E /* Pods-MWIOSDemoProject.release.xcconfig */,
				811B73F9B1B41B49E0136B62 /* Pods-MWIOSDemoProjectTests.debug.xcconfig */,
				8AD262E3ADC71C648985D331 /* Pods-MWIOSDemoProjectTests.release.xcconfig */,
			);
			name = Pods;
			sourceTree = "<group>";
		};
		88629EBA1E2857C70070B09A = {
			isa = PBXGroup;
			children = (
				88629EC51E2857C70070B09A /* MWIOSDemoProject */,
				88629EDF1E2857C70070B09A /* MWIOSDemoProjectTests */,
				88629EEA1E2857C70070B09A /* MWIOSDemoProjectUITests */,
				88629EC41E2857C70070B09A /* Products */,
				860AD4775CE473DAE2019B3D /* Pods */,
				F9407698B82D85EF3C45D39B /* Frameworks */,
			);
			sourceTree = "<group>";
		};
		88629EC41E2857C70070B09A /* Products */ = {
			isa = PBXGroup;
			children = (
				88629EC31E2857C70070B09A /* MWIOSDemoProject.app */,
				88629EDC1E2857C70070B09A /* MWIOSDemoProjectTests.xctest */,
				88629EE71E2857C70070B09A /* MWIOSDemoProjectUITests.xctest */,
			);
			name = Products;
			sourceTree = "<group>";
		};
		88629EC51E2857C70070B09A /* MWIOSDemoProject */ = {
			isa = PBXGroup;
			children = (
				88629EF91E2857F70070B09A /* AppDelegate，主页等 */,
				88629EFA1E285C0E0070B09A /* 01_UIRefreshControl */,
				88629EFE1E285C0E0070B09A /* 02_StackView */,
				88629F001E285C0E0070B09A /* 03_TableView中下拉图片变大 */,
				88629F051E285C0E0070B09A /* 04_导航栏的显示隐藏 */,
				88629F0D1E285C0E0070B09A /* 05_测试私有，保护，共有方法 */,
				888814031E287D090068EF82 /* 06_小红点使用RAC实现 */,
				8888141D1E287E590068EF82 /* 07_RACDemo */,
				88629ED21E2857C70070B09A /* Assets.xcassets */,
				88629EC61E2857C70070B09A /* Supporting Files */,
			);
			path = MWIOSDemoProject;
			sourceTree = "<group>";
		};
		88629EC61E2857C70070B09A /* Supporting Files */ = {
			isa = PBXGroup;
			children = (
				88629EC71E2857C70070B09A /* main.m */,
			);
			name = "Supporting Files";
			sourceTree = "<group>";
		};
		88629EDF1E2857C70070B09A /* MWIOSDemoProjectTests */ = {
			isa = PBXGroup;
			children = (
				88629EE01E2857C70070B09A /* MWIOSDemoProjectTests.m */,
				88629EE21E2857C70070B09A /* Info.plist */,
			);
			path = MWIOSDemoProjectTests;
			sourceTree = "<group>";
		};
		88629EEA1E2857C70070B09A /* MWIOSDemoProjectUITests */ = {
			isa = PBXGroup;
			children = (
				88629EEB1E2857C70070B09A /* MWIOSDemoProjectUITests.m */,
				88629EED1E2857C70070B09A /* Info.plist */,
			);
			path = MWIOSDemoProjectUITests;
			sourceTree = "<group>";
		};
		88629EF91E2857F70070B09A /* AppDelegate，主页等 */ = {
			isa = PBXGroup;
			children = (
				88629ECC1E2857C70070B09A /* MainViewController.h */,
				88629ECD1E2857C70070B09A /* ViewController.m */,
				88629ECF1E2857C70070B09A /* Main.storyboard */,
				88629EC91E2857C70070B09A /* AppDelegate.h */,
				88629ECA1E2857C70070B09A /* AppDelegate.m */,
				88629ED41E2857C70070B09A /* LaunchScreen.storyboard */,
				88629ED71E2857C70070B09A /* Info.plist */,
			);
			name = "AppDelegate，主页等";
			sourceTree = "<group>";
		};
		88629EFA1E285C0E0070B09A /* 01_UIRefreshControl */ = {
			isa = PBXGroup;
			children = (
				88629EFB1E285C0E0070B09A /* 01_UIRefreshControl.storyboard */,
				88629EFC1E285C0E0070B09A /* MW01_TableViewController.h */,
				88629EFD1E285C0E0070B09A /* MW01_TableViewController.m */,
			);
			path = 01_UIRefreshControl;
			sourceTree = "<group>";
		};
		88629EFE1E285C0E0070B09A /* 02_StackView */ = {
			isa = PBXGroup;
			children = (
				88629EFF1E285C0E0070B09A /* 02_StackView.storyboard */,
			);
			path = 02_StackView;
			sourceTree = "<group>";
		};
		88629F001E285C0E0070B09A /* 03_TableView中下拉图片变大 */ = {
			isa = PBXGroup;
			children = (
				888813E81E287A4B0068EF82 /* 03_SacleImageViewOnTableviewHeader.storyboard */,
				888813E91E287A4B0068EF82 /* 风景1.jpg */,
				888813EA1E287A4B0068EF82 /* MW03_TableViewController.h */,
				888813EB1E287A4B0068EF82 /* MW03_TableViewController.m */,
			);
			path = "03_TableView中下拉图片变大";
			sourceTree = "<group>";
		};
		88629F051E285C0E0070B09A /* 04_导航栏的显示隐藏 */ = {
			isa = PBXGroup;
			children = (
				888813EF1E287A570068EF82 /* 04_Navigation.storyboard */,
				888813F01E287A570068EF82 /* MW04_FirstViewController.h */,
				888813F11E287A570068EF82 /* MW04_FirstViewController.m */,
				888813F21E287A570068EF82 /* MW04_SecondViewController.h */,
				888813F31E287A570068EF82 /* MW04_SecondViewController.m */,
				888813F41E287A570068EF82 /* MW04_TestCaptchTableViewController.h */,
				888813F51E287A570068EF82 /* MW04_TestCaptchTableViewController.m */,
			);
			path = "04_导航栏的显示隐藏";
			sourceTree = "<group>";
		};
		88629F0D1E285C0E0070B09A /* 05_测试私有，保护，共有方法 */ = {
			isa = PBXGroup;
			children = (
				888813FA1E287A610068EF82 /* Person.h */,
				888813FB1E287A610068EF82 /* Person.m */,
				888813FC1E287A610068EF82 /* Person+Private.h */,
				888813FD1E287A610068EF82 /* Person+Private.m */,
				888813FE1E287A610068EF82 /* Student.h */,
				888813FF1E287A610068EF82 /* Student.m */,
			);
			path = "05_测试私有，保护，共有方法";
			sourceTree = "<group>";
		};
		888814031E287D090068EF82 /* 06_小红点使用RAC实现 */ = {
			isa = PBXGroup;
			children = (
				888814041E287D090068EF82 /* 06_RedPoint.storyboard */,
				8888141B1E287D780068EF82 /* 业务tab */,
				8888141C1E287D8D0068EF82 /* 个人中心tab */,
				888814071E287D090068EF82 /* ZYMessageCenter.h */,
				888814081E287D090068EF82 /* ZYMessageCenter.m */,
				888814091E287D090068EF82 /* ZYMessageSubject.h */,
				8888140A1E287D090068EF82 /* ZYMessageSubject.m */,
			);
			name = "06_小红点使用RAC实现";
			path = 06_RedPointSubjectImpl;
			sourceTree = "<group>";
		};
		8888141B1E287D780068EF82 /* 业务tab */ = {
			isa = PBXGroup;
			children = (
				888814051E287D090068EF82 /* ZYInformationListTableViewController.h */,
				888814061E287D090068EF82 /* ZYInformationListTableViewController.m */,
				8888140D1E287D090068EF82 /* ZYOrderMessageListTableViewController.h */,
				8888140E1E287D090068EF82 /* ZYOrderMessageListTableViewController.m */,
				8888140F1E287D090068EF82 /* ZYTabBusinessTableViewController.h */,
				888814101E287D090068EF82 /* ZYTabBusinessTableViewController.m */,
			);
			name = "业务tab";
			sourceTree = "<group>";
		};
		8888141C1E287D8D0068EF82 /* 个人中心tab */ = {
			isa = PBXGroup;
			children = (
				8888140B1E287D090068EF82 /* ZYMyInformationListTableViewController.h */,
				8888140C1E287D090068EF82 /* ZYMyInformationListTableViewController.m */,
				888814111E287D090068EF82 /* ZYTabPersonalTableViewController.h */,
				888814121E287D090068EF82 /* ZYTabPersonalTableViewController.m */,
			);
			name = "个人中心tab";
			sourceTree = "<group>";
		};
		8888141D1E287E590068EF82 /* 07_RACDemo */ = {
			isa = PBXGroup;
			children = (
				8888141E1E287E590068EF82 /* 07_RACDemo.storyboard */,
				8888141F1E287E590068EF82 /* MW07_RacDemoHomeViewController.h */,
				888814201E287E590068EF82 /* MW07_RacDemoHomeViewController.m */,
			);
			path = 07_RACDemo;
			sourceTree = "<group>";
		};
		F9407698B82D85EF3C45D39B /* Frameworks */ = {
			isa = PBXGroup;
			children = (
				2378B024606E452074E806F1 /* libPods-MWIOSDemoProject.a */,
				1F9F9028A4D4B0667F00C272 /* libPods-MWIOSDemoProjectTests.a */,
			);
			name = Frameworks;
			sourceTree = "<group>";
		};
/* End PBXGroup section */

/* Begin PBXNativeTarget section */
		88629EC21E2857C70070B09A /* MWIOSDemoProject */ = {
			isa = PBXNativeTarget;
			buildConfigurationList = 88629EF01E2857C70070B09A /* Build configuration list for PBXNativeTarget "MWIOSDemoProject" */;
			buildPhases = (
				4A0C51ADBFB4BEB903B25B46 /* [CP] Check Pods Manifest.lock */,
				88629EBF1E2857C70070B09A /* Sources */,
				88629EC01E2857C70070B09A /* Frameworks */,
				88629EC11E2857C70070B09A /* Resources */,
				37A8D0DCCADA2D46225113B5 /* [CP] Embed Pods Frameworks */,
				C0FE06BEBECBE5018A63B926 /* [CP] Copy Pods Resources */,
			);
			buildRules = (
			);
			dependencies = (
			);
			name = MWIOSDemoProject;
			productName = MWIOSDemoProject;
			productReference = 88629EC31E2857C70070B09A /* MWIOSDemoProject.app */;
			productType = "com.apple.product-type.application";
		};
		88629EDB1E2857C70070B09A /* MWIOSDemoProjectTests */ = {
			isa = PBXNativeTarget;
			buildConfigurationList = 88629EF31E2857C70070B09A /* Build configuration list for PBXNativeTarget "MWIOSDemoProjectTests" */;
			buildPhases = (
				80CF3F1CD18E9BC3013DF97D /* [CP] Check Pods Manifest.lock */,
				88629ED81E2857C70070B09A /* Sources */,
				88629ED91E2857C70070B09A /* Frameworks */,
				88629EDA1E2857C70070B09A /* Resources */,
				2CBDB43F76EF771B6A30ABC2 /* [CP] Embed Pods Frameworks */,
				CC843CBFB13F0958A07F45B2 /* [CP] Copy Pods Resources */,
			);
			buildRules = (
			);
			dependencies = (
				88629EDE1E2857C70070B09A /* PBXTargetDependency */,
			);
			name = MWIOSDemoProjectTests;
			productName = MWIOSDemoProjectTests;
			productReference = 88629EDC1E2857C70070B09A /* MWIOSDemoProjectTests.xctest */;
			productType = "com.apple.product-type.bundle.unit-test";
		};
		88629EE61E2857C70070B09A /* MWIOSDemoProjectUITests */ = {
			isa = PBXNativeTarget;
			buildConfigurationList = 88629EF61E2857C70070B09A /* Build configuration list for PBXNativeTarget "MWIOSDemoProjectUITests" */;
			buildPhases = (
				88629EE31E2857C70070B09A /* Sources */,
				88629EE41E2857C70070B09A /* Frameworks */,
				88629EE51E2857C70070B09A /* Resources */,
			);
			buildRules = (
			);
			dependencies = (
				88629EE91E2857C70070B09A /* PBXTargetDependency */,
			);
			name = MWIOSDemoProjectUITests;
			productName = MWIOSDemoProjectUITests;
			productReference = 88629EE71E2857C70070B09A /* MWIOSDemoProjectUITests.xctest */;
			productType = "com.apple.product-type.bundle.ui-testing";
		};
/* End PBXNativeTarget section */

/* Begin PBXProject section */
		88629EBB1E2857C70070B09A /* Project object */ = {
			isa = PBXProject;
			attributes = {
				LastUpgradeCheck = 0820;
				ORGANIZATIONNAME = dairugang;
				TargetAttributes = {
					88629EC21E2857C70070B09A = {
						CreatedOnToolsVersion = 8.2.1;
						ProvisioningStyle = Automatic;
					};
					88629EDB1E2857C70070B09A = {
						CreatedOnToolsVersion = 8.2.1;
						ProvisioningStyle = Automatic;
						TestTargetID = 88629EC21E2857C70070B09A;
					};
					88629EE61E2857C70070B09A = {
						CreatedOnToolsVersion = 8.2.1;
						ProvisioningStyle = Automatic;
						TestTargetID = 88629EC21E2857C70070B09A;
					};
				};
			};
			buildConfigurationList = 88629EBE1E2857C70070B09A /* Build configuration list for PBXProject "MWIOSDemoProject" */;
			compatibilityVersion = "Xcode 3.2";
			developmentRegion = English;
			hasScannedForEncodings = 0;
			knownRegions = (
				en,
				Base,
			);
			mainGroup = 88629EBA1E2857C70070B09A;
			productRefGroup = 88629EC41E2857C70070B09A /* Products */;
			projectDirPath = "";
			projectRoot = "";
			targets = (
				88629EC21E2857C70070B09A /* MWIOSDemoProject */,
				88629EDB1E2857C70070B09A /* MWIOSDemoProjectTests */,
				88629EE61E2857C70070B09A /* MWIOSDemoProjectUITests */,
			);
		};
/* End PBXProject section */

/* Begin PBXResourcesBuildPhase section */
		88629EC11E2857C70070B09A /* Resources */ = {
			isa = PBXResourcesBuildPhase;
			buildActionMask = 2147483647;
			files = (
				88629ED61E2857C70070B09A /* LaunchScreen.storyboard in Resources */,
				888813EC1E287A4B0068EF82 /* 03_SacleImageViewOnTableviewHeader.storyboard in Resources */,
				888813F61E287A570068EF82 /* 04_Navigation.storyboard in Resources */,
				888813ED1E287A4B0068EF82 /* 风景1.jpg in Resources */,
				88629ED31E2857C70070B09A /* Assets.xcassets in Resources */,
				88629ED11E2857C70070B09A /* Main.storyboard in Resources */,
				888814211E287E590068EF82 /* 07_RACDemo.storyboard in Resources */,
				888814131E287D090068EF82 /* 06_RedPoint.storyboard in Resources */,
				88629F161E285C0E0070B09A /* 02_StackView.storyboard in Resources */,
				88629F141E285C0E0070B09A /* 01_UIRefreshControl.storyboard in Resources */,
			);
			runOnlyForDeploymentPostprocessing = 0;
		};
		88629EDA1E2857C70070B09A /* Resources */ = {
			isa = PBXResourcesBuildPhase;
			buildActionMask = 2147483647;
			files = (
			);
			runOnlyForDeploymentPostprocessing = 0;
		};
		88629EE51E2857C70070B09A /* Resources */ = {
			isa = PBXResourcesBuildPhase;
			buildActionMask = 2147483647;
			files = (
			);
			runOnlyForDeploymentPostprocessing = 0;
		};
/* End PBXResourcesBuildPhase section */

/* Begin PBXShellScriptBuildPhase section */
		2CBDB43F76EF771B6A30ABC2 /* [CP] Embed Pods Frameworks */ = {
			isa = PBXShellScriptBuildPhase;
			buildActionMask = 2147483647;
			files = (
			);
			inputPaths = (
			);
			name = "[CP] Embed Pods Frameworks";
			outputPaths = (
			);
			runOnlyForDeploymentPostprocessing = 0;
			shellPath = /bin/sh;
			shellScript = "\"${SRCROOT}/Pods/Target Support Files/Pods-MWIOSDemoProjectTests/Pods-MWIOSDemoProjectTests-frameworks.sh\"\n";
			showEnvVarsInLog = 0;
		};
		37A8D0DCCADA2D46225113B5 /* [CP] Embed Pods Frameworks */ = {
			isa = PBXShellScriptBuildPhase;
			buildActionMask = 2147483647;
			files = (
			);
			inputPaths = (
			);
			name = "[CP] Embed Pods Frameworks";
			outputPaths = (
			);
			runOnlyForDeploymentPostprocessing = 0;
			shellPath = /bin/sh;
			shellScript = "\"${SRCROOT}/Pods/Target Support Files/Pods-MWIOSDemoProject/Pods-MWIOSDemoProject-frameworks.sh\"\n";
			showEnvVarsInLog = 0;
		};
		4A0C51ADBFB4BEB903B25B46 /* [CP] Check Pods Manifest.lock */ = {
			isa = PBXShellScriptBuildPhase;
			buildActionMask = 2147483647;
			files = (
			);
			inputPaths = (
			);
			name = "[CP] Check Pods Manifest.lock";
			outputPaths = (
			);
			runOnlyForDeploymentPostprocessing = 0;
			shellPath = /bin/sh;
			shellScript = "diff \"${PODS_ROOT}/../Podfile.lock\" \"${PODS_ROOT}/Manifest.lock\" > /dev/null\nif [ $? != 0 ] ; then\n    # print error to STDERR\n    echo \"error: The sandbox is not in sync with the Podfile.lock. Run 'pod install' or update your CocoaPods installation.\" >&2\n    exit 1\nfi\n";
			showEnvVarsInLog = 0;
		};
		80CF3F1CD18E9BC3013DF97D /* [CP] Check Pods Manifest.lock */ = {
			isa = PBXShellScriptBuildPhase;
			buildActionMask = 2147483647;
			files = (
			);
			inputPaths = (
			);
			name = "[CP] Check Pods Manifest.lock";
			outputPaths = (
			);
			runOnlyForDeploymentPostprocessing = 0;
			shellPath = /bin/sh;
			shellScript = "diff \"${PODS_ROOT}/../Podfile.lock\" \"${PODS_ROOT}/Manifest.lock\" > /dev/null\nif [ $? != 0 ] ; then\n    # print error to STDERR\n    echo \"error: The sandbox is not in sync with the Podfile.lock. Run 'pod install' or update your CocoaPods installation.\" >&2\n    exit 1\nfi\n";
			showEnvVarsInLog = 0;
		};
		C0FE06BEBECBE5018A63B926 /* [CP] Copy Pods Resources */ = {
			isa = PBXShellScriptBuildPhase;
			buildActionMask = 2147483647;
			files = (
			);
			inputPaths = (
			);
			name = "[CP] Copy Pods Resources";
			outputPaths = (
			);
			runOnlyForDeploymentPostprocessing = 0;
			shellPath = /bin/sh;
			shellScript = "\"${SRCROOT}/Pods/Target Support Files/Pods-MWIOSDemoProject/Pods-MWIOSDemoProject-resources.sh\"\n";
			showEnvVarsInLog = 0;
		};
		CC843CBFB13F0958A07F45B2 /* [CP] Copy Pods Resources */ = {
			isa = PBXShellScriptBuildPhase;
			buildActionMask = 2147483647;
			files = (
			);
			inputPaths = (
			);
			name = "[CP] Copy Pods Resources";
			outputPaths = (
			);
			runOnlyForDeploymentPostprocessing = 0;
			shellPath = /bin/sh;
			shellScript = "\"${SRCROOT}/Pods/Target Support Files/Pods-MWIOSDemoProjectTests/Pods-MWIOSDemoProjectTests-resources.sh\"\n";
			showEnvVarsInLog = 0;
		};
/* End PBXShellScriptBuildPhase section */

/* Begin PBXSourcesBuildPhase section */
		88629EBF1E2857C70070B09A /* Sources */ = {
			isa = PBXSourcesBuildPhase;
			buildActionMask = 2147483647;
			files = (
				888814191E287D090068EF82 /* ZYTabBusinessTableViewController.m in Sources */,
				888814021E287A610068EF82 /* Student.m in Sources */,
				8888141A1E287D090068EF82 /* ZYTabPersonalTableViewController.m in Sources */,
				888814221E287E590068EF82 /* MW07_RacDemoHomeViewController.m in Sources */,
				888813F91E287A570068EF82 /* MW04_TestCaptchTableViewController.m in Sources */,
				88629F151E285C0E0070B09A /* MW01_TableViewController.m in Sources */,
				88629ECE1E2857C70070B09A /* ViewController.m in Sources */,
				888814171E287D090068EF82 /* ZYMyInformationListTableViewController.m in Sources */,
				888813F81E287A570068EF82 /* MW04_SecondViewController.m in Sources */,
				88629ECB1E2857C70070B09A /* AppDelegate.m in Sources */,
				888814151E287D090068EF82 /* ZYMessageCenter.m in Sources */,
				888813EE1E287A4B0068EF82 /* MW03_TableViewController.m in Sources */,
				888814181E287D090068EF82 /* ZYOrderMessageListTableViewController.m in Sources */,
				888814011E287A610068EF82 /* Person+Private.m in Sources */,
				888814161E287D090068EF82 /* ZYMessageSubject.m in Sources */,
				888814001E287A610068EF82 /* Person.m in Sources */,
				888814141E287D090068EF82 /* ZYInformationListTableViewController.m in Sources */,
				88629EC81E2857C70070B09A /* main.m in Sources */,
				888813F71E287A570068EF82 /* MW04_FirstViewController.m in Sources */,
			);
			runOnlyForDeploymentPostprocessing = 0;
		};
		88629ED81E2857C70070B09A /* Sources */ = {
			isa = PBXSourcesBuildPhase;
			buildActionMask = 2147483647;
			files = (
				88629EE11E2857C70070B09A /* MWIOSDemoProjectTests.m in Sources */,
			);
			runOnlyForDeploymentPostprocessing = 0;
		};
		88629EE31E2857C70070B09A /* Sources */ = {
			isa = PBXSourcesBuildPhase;
			buildActionMask = 2147483647;
			files = (
				88629EEC1E2857C70070B09A /* MWIOSDemoProjectUITests.m in Sources */,
			);
			runOnlyForDeploymentPostprocessing = 0;
		};
/* End PBXSourcesBuildPhase section */

/* Begin PBXTargetDependency section */
		88629EDE1E2857C70070B09A /* PBXTargetDependency */ = {
			isa = PBXTargetDependency;
			target = 88629EC21E2857C70070B09A /* MWIOSDemoProject */;
			targetProxy = 88629EDD1E2857C70070B09A /* PBXContainerItemProxy */;
		};
		88629EE91E2857C70070B09A /* PBXTargetDependency */ = {
			isa = PBXTargetDependency;
			target = 88629EC21E2857C70070B09A /* MWIOSDemoProject */;
			targetProxy = 88629EE81E2857C70070B09A /* PBXContainerItemProxy */;
		};
/* End PBXTargetDependency section */

/* Begin PBXVariantGroup section */
		88629ECF1E2857C70070B09A /* Main.storyboard */ = {
			isa = PBXVariantGroup;
			children = (
				88629ED01E2857C70070B09A /* Base */,
			);
			name = Main.storyboard;
			sourceTree = "<group>";
		};
		88629ED41E2857C70070B09A /* LaunchScreen.storyboard */ = {
			isa = PBXVariantGroup;
			children = (
				88629ED51E2857C70070B09A /* Base */,
			);
			name = LaunchScreen.storyboard;
			sourceTree = "<group>";
		};
/* End PBXVariantGroup section */

/* Begin XCBuildConfiguration section */
		88629EEE1E2857C70070B09A /* Debug */ = {
			isa = XCBuildConfiguration;
			buildSettings = {
				ALWAYS_SEARCH_USER_PATHS = NO;
				CLANG_ANALYZER_NONNULL = YES;
				CLANG_CXX_LANGUAGE_STANDARD = "gnu++0x";
				CLANG_CXX_LIBRARY = "libc++";
				CLANG_ENABLE_MODULES = YES;
				CLANG_ENABLE_OBJC_ARC = YES;
				CLANG_WARN_BOOL_CONVERSION = YES;
				CLANG_WARN_CONSTANT_CONVERSION = YES;
				CLANG_WARN_DIRECT_OBJC_ISA_USAGE = YES_ERROR;
				CLANG_WARN_DOCUMENTATION_COMMENTS = YES;
				CLANG_WARN_EMPTY_BODY = YES;
				CLANG_WARN_ENUM_CONVERSION = YES;
				CLANG_WARN_INFINITE_RECURSION = YES;
				CLANG_WARN_INT_CONVERSION = YES;
				CLANG_WARN_OBJC_ROOT_CLASS = YES_ERROR;
				CLANG_WARN_SUSPICIOUS_MOVE = YES;
				CLANG_WARN_UNREACHABLE_CODE = YES;
				CLANG_WARN__DUPLICATE_METHOD_MATCH = YES;
				"CODE_SIGN_IDENTITY[sdk=iphoneos*]" = "iPhone Developer";
				COPY_PHASE_STRIP = NO;
				DEBUG_INFORMATION_FORMAT = dwarf;
				ENABLE_STRICT_OBJC_MSGSEND = YES;
				ENABLE_TESTABILITY = YES;
				GCC_C_LANGUAGE_STANDARD = gnu99;
				GCC_DYNAMIC_NO_PIC = NO;
				GCC_NO_COMMON_BLOCKS = YES;
				GCC_OPTIMIZATION_LEVEL = 0;
				GCC_PREPROCESSOR_DEFINITIONS = (
					"DEBUG=1",
					"$(inherited)",
				);
				GCC_WARN_64_TO_32_BIT_CONVERSION = YES;
				GCC_WARN_ABOUT_RETURN_TYPE = YES_ERROR;
				GCC_WARN_UNDECLARED_SELECTOR = YES;
				GCC_WARN_UNINITIALIZED_AUTOS = YES_AGGRESSIVE;
				GCC_WARN_UNUSED_FUNCTION = YES;
				GCC_WARN_UNUSED_VARIABLE = YES;
				IPHONEOS_DEPLOYMENT_TARGET = 10.2;
				MTL_ENABLE_DEBUG_INFO = YES;
				ONLY_ACTIVE_ARCH = YES;
				SDKROOT = iphoneos;
				TARGETED_DEVICE_FAMILY = "1,2";
			};
			name = Debug;
		};
		88629EEF1E2857C70070B09A /* Release */ = {
			isa = XCBuildConfiguration;
			buildSettings = {
				ALWAYS_SEARCH_USER_PATHS = NO;
				CLANG_ANALYZER_NONNULL = YES;
				CLANG_CXX_LANGUAGE_STANDARD = "gnu++0x";
				CLANG_CXX_LIBRARY = "libc++";
				CLANG_ENABLE_MODULES = YES;
				CLANG_ENABLE_OBJC_ARC = YES;
				CLANG_WARN_BOOL_CONVERSION = YES;
				CLANG_WARN_CONSTANT_CONVERSION = YES;
				CLANG_WARN_DIRECT_OBJC_ISA_USAGE = YES_ERROR;
				CLANG_WARN_DOCUMENTATION_COMMENTS = YES;
				CLANG_WARN_EMPTY_BODY = YES;
				CLANG_WARN_ENUM_CONVERSION = YES;
				CLANG_WARN_INFINITE_RECURSION = YES;
				CLANG_WARN_INT_CONVERSION = YES;
				CLANG_WARN_OBJC_ROOT_CLASS = YES_ERROR;
				CLANG_WARN_SUSPICIOUS_MOVE = YES;
				CLANG_WARN_UNREACHABLE_CODE = YES;
				CLANG_WARN__DUPLICATE_METHOD_MATCH = YES;
				"CODE_SIGN_IDENTITY[sdk=iphoneos*]" = "iPhone Developer";
				COPY_PHASE_STRIP = NO;
				DEBUG_INFORMATION_FORMAT = "dwarf-with-dsym";
				ENABLE_NS_ASSERTIONS = NO;
				ENABLE_STRICT_OBJC_MSGSEND = YES;
				GCC_C_LANGUAGE_STANDARD = gnu99;
				GCC_NO_COMMON_BLOCKS = YES;
				GCC_WARN_64_TO_32_BIT_CONVERSION = YES;
				GCC_WARN_ABOUT_RETURN_TYPE = YES_ERROR;
				GCC_WARN_UNDECLARED_SELECTOR = YES;
				GCC_WARN_UNINITIALIZED_AUTOS = YES_AGGRESSIVE;
				GCC_WARN_UNUSED_FUNCTION = YES;
				GCC_WARN_UNUSED_VARIABLE = YES;
				IPHONEOS_DEPLOYMENT_TARGET = 10.2;
				MTL_ENABLE_DEBUG_INFO = NO;
				SDKROOT = iphoneos;
				TARGETED_DEVICE_FAMILY = "1,2";
				VALIDATE_PRODUCT = YES;
			};
			name = Release;
		};
		88629EF11E2857C70070B09A /* Debug */ = {
			isa = XCBuildConfiguration;
			baseConfigurationReference = 8346B843514B3AF77FDBFB5C /* Pods-MWIOSDemoProject.debug.xcconfig */;
			buildSettings = {
				ASSETCATALOG_COMPILER_APPICON_NAME = AppIcon;
				INFOPLIST_FILE = MWIOSDemoProject/Info.plist;
				LD_RUNPATH_SEARCH_PATHS = "$(inherited) @executable_path/Frameworks";
				PRODUCT_BUNDLE_IDENTIFIER = com.wm.MWIOSDemoProject;
				PRODUCT_NAME = "$(TARGET_NAME)";
			};
			name = Debug;
		};
		88629EF21E2857C70070B09A /* Release */ = {
			isa = XCBuildConfiguration;
			baseConfigurationReference = 112E8767CBF75C46EA42613E /* Pods-MWIOSDemoProject.release.xcconfig */;
			buildSettings = {
				ASSETCATALOG_COMPILER_APPICON_NAME = AppIcon;
				INFOPLIST_FILE = MWIOSDemoProject/Info.plist;
				LD_RUNPATH_SEARCH_PATHS = "$(inherited) @executable_path/Frameworks";
				PRODUCT_BUNDLE_IDENTIFIER = com.wm.MWIOSDemoProject;
				PRODUCT_NAME = "$(TARGET_NAME)";
			};
			name = Release;
		};
		88629EF41E2857C70070B09A /* Debug */ = {
			isa = XCBuildConfiguration;
			baseConfigurationReference = 811B73F9B1B41B49E0136B62 /* Pods-MWIOSDemoProjectTests.debug.xcconfig */;
			buildSettings = {
				BUNDLE_LOADER = "$(TEST_HOST)";
				INFOPLIST_FILE = MWIOSDemoProjectTests/Info.plist;
				LD_RUNPATH_SEARCH_PATHS = "$(inherited) @executable_path/Frameworks @loader_path/Frameworks";
				PRODUCT_BUNDLE_IDENTIFIER = com.wm.MWIOSDemoProjectTests;
				PRODUCT_NAME = "$(TARGET_NAME)";
				TEST_HOST = "$(BUILT_PRODUCTS_DIR)/MWIOSDemoProject.app/MWIOSDemoProject";
			};
			name = Debug;
		};
		88629EF51E2857C70070B09A /* Release */ = {
			isa = XCBuildConfiguration;
			baseConfigurationReference = 8AD262E3ADC71C648985D331 /* Pods-MWIOSDemoProjectTests.release.xcconfig */;
			buildSettings = {
				BUNDLE_LOADER = "$(TEST_HOST)";
				INFOPLIST_FILE = MWIOSDemoProjectTests/Info.plist;
				LD_RUNPATH_SEARCH_PATHS = "$(inherited) @executable_path/Frameworks @loader_path/Frameworks";
				PRODUCT_BUNDLE_IDENTIFIER = com.wm.MWIOSDemoProjectTests;
				PRODUCT_NAME = "$(TARGET_NAME)";
				TEST_HOST = "$(BUILT_PRODUCTS_DIR)/MWIOSDemoProject.app/MWIOSDemoProject";
			};
			name = Release;
		};
		88629EF71E2857C70070B09A /* Debug */ = {
			isa = XCBuildConfiguration;
			buildSettings = {
				INFOPLIST_FILE = MWIOSDemoProjectUITests/Info.plist;
				LD_RUNPATH_SEARCH_PATHS = "$(inherited) @executable_path/Frameworks @loader_path/Frameworks";
				PRODUCT_BUNDLE_IDENTIFIER = com.wm.MWIOSDemoProjectUITests;
				PRODUCT_NAME = "$(TARGET_NAME)";
				TEST_TARGET_NAME = MWIOSDemoProject;
			};
			name = Debug;
		};
		88629EF81E2857C70070B09A /* Release */ = {
			isa = XCBuildConfiguration;
			buildSettings = {
				INFOPLIST_FILE = MWIOSDemoProjectUITests/Info.plist;
				LD_RUNPATH_SEARCH_PATHS = "$(inherited) @executable_path/Frameworks @loader_path/Frameworks";
				PRODUCT_BUNDLE_IDENTIFIER = com.wm.MWIOSDemoProjectUITests;
				PRODUCT_NAME = "$(TARGET_NAME)";
				TEST_TARGET_NAME = MWIOSDemoProject;
			};
			name = Release;
		};
/* End XCBuildConfiguration section */

/* Begin XCConfigurationList section */
		88629EBE1E2857C70070B09A /* Build configuration list for PBXProject "MWIOSDemoProject" */ = {
			isa = XCConfigurationList;
			buildConfigurations = (
				88629EEE1E2857C70070B09A /* Debug */,
				88629EEF1E2857C70070B09A /* Release */,
			);
			defaultConfigurationIsVisible = 0;
			defaultConfigurationName = Release;
		};
		88629EF01E2857C70070B09A /* Build configuration list for PBXNativeTarget "MWIOSDemoProject" */ = {
			isa = XCConfigurationList;
			buildConfigurations = (
				88629EF11E2857C70070B09A /* Debug */,
				88629EF21E2857C70070B09A /* Release */,
			);
			defaultConfigurationIsVisible = 0;
			defaultConfigurationName = Release;
		};
		88629EF31E2857C70070B09A /* Build configuration list for PBXNativeTarget "MWIOSDemoProjectTests" */ = {
			isa = XCConfigurationList;
			buildConfigurations = (
				88629EF41E2857C70070B09A /* Debug */,
				88629EF51E2857C70070B09A /* Release */,
			);
			defaultConfigurationIsVisible = 0;
			defaultConfigurationName = Release;
		};
		88629EF61E2857C70070B09A /* Build configuration list for PBXNativeTarget "MWIOSDemoProjectUITests" */ = {
			isa = XCConfigurationList;
			buildConfigurations = (
				88629EF71E2857C70070B09A /* Debug */,
				88629EF81E2857C70070B09A /* Release */,
			);
			defaultConfigurationIsVisible = 0;
			defaultConfigurationName = Release;
		};
/* End XCConfigurationList section */
	};
	rootObject = 88629EBB1E2857C70070B09A /* Project object */;
}
